{
  "version": 4,
  "terraform_version": "1.0.1",
  "serial": 292,
  "lineage": "1f76c822-6a30-4faa-ca25-6443580a4bf5",
  "outputs": {
    "ssm_output_bucket_name": {
      "value": "mistnet-ssm-output-bucket",
      "type": "string"
    }
  },
  "resources": [
    {
      "mode": "managed",
      "type": "aws_s3_bucket",
      "name": "ssm_output",
      "provider": "provider[\"registry.terraform.io/hashicorp/aws\"]",
      "instances": [
        {
          "schema_version": 0,
          "attributes": {
            "acceleration_status": "",
            "acl": "private",
            "arn": "arn:aws:s3:::mistnet-ssm-output-bucket",
            "bucket": "mistnet-ssm-output-bucket",
            "bucket_domain_name": "mistnet-ssm-output-bucket.s3.amazonaws.com",
            "bucket_prefix": null,
            "bucket_regional_domain_name": "mistnet-ssm-output-bucket.s3.ap-south-1.amazonaws.com",
            "cors_rule": [],
            "force_destroy": true,
            "grant": [],
            "hosted_zone_id": "Z11RGJOFQNVJUP",
            "id": "mistnet-ssm-output-bucket",
            "lifecycle_rule": [],
            "logging": [],
            "object_lock_configuration": [],
            "policy": null,
            "region": "ap-south-1",
            "replication_configuration": [],
            "request_payer": "BucketOwner",
            "server_side_encryption_configuration": [],
            "tags": {
              "Environment": "Test",
              "Name": "ssm-output-bucket"
            },
            "tags_all": {
              "Environment": "Test",
              "Name": "ssm-output-bucket"
            },
            "versioning": [
              {
                "enabled": false,
                "mfa_delete": false
              }
            ],
            "website": [],
            "website_domain": null,
            "website_endpoint": null
          },
          "sensitive_attributes": [],
          "private": "bnVsbA=="
        }
      ]
    },
    {
      "mode": "managed",
      "type": "aws_ssm_association",
      "name": "association_1",
      "provider": "provider[\"registry.terraform.io/hashicorp/aws\"]",
      "instances": []
    }
  ]
}
